
Microsoft Visual Studio Solution File, Format Version 12.00
# Visual Studio Version 16
VisualStudioVersion = 16.0.31729.503
MinimumVisualStudioVersion = 10.0.40219.1
Project("{FAE04EC0-301F-11D3-BF4B-00C04F79EFBC}") = "ProNatue-Biomarkt GmbH", "ProNatue-Biomarkt GmbH.csproj", "{F141917F-6162-4532-A93E-BF781C1383E4}"
EndProject
Global
	GlobalSection(SolutionConfigurationPlatforms) = preSolution
		Debug|Any CPU = Debug|Any CPU
		Release|Any CPU = Release|Any CPU
	EndGlobalSection
	GlobalSection(ProjectConfigurationPlatforms) = postSolution
		{F141917F-6162-4532-A93E-BF781C1383E4}.Debug|Any CPU.ActiveCfg = Debug|Any CPU
		{F141917F-6162-4532-A93E-BF781C1383E4}.Debug|Any CPU.Build.0 = Debug|Any CPU
		{F141917F-6162-4532-A93E-BF781C1383E4}.Release|Any CPU.ActiveCfg = Release|Any CPU
		{F141917F-6162-4532-A93E-BF781C1383E4}.Release|Any CPU.Build.0 = Release|Any CPU
	EndGlobalSection
	GlobalSection(SolutionProperties) = preSolution
		HideSolutionNode = FALSE
	EndGlobalSection
	GlobalSection(ExtensibilityGlobals) = postSolution
		SolutionGuid = {A4BA67AE-EF68-4092-8BB0-99B1CB940077}
	EndGlobalSection
EndGlobal
